// !$*UTF8*$!
{
	archiveVersion = 1;
	classes = {
	};
	objectVersion = 46;
	objects = {

/* Begin PBXFileReference section */
		9F1969D31D822B80001DFB81 /* .gitignore */ = {isa = PBXFileReference; lastKnownFileType = text; path = .gitignore; sourceTree = "<group>"; };
		9F1969D41D822B80001DFB81 /* app.yaml */ = {isa = PBXFileReference; lastKnownFileType = text; path = app.yaml; sourceTree = "<group>"; };
		9F1969D51D822B80001DFB81 /* hello.go */ = {isa = PBXFileReference; lastKnownFileType = text; path = hello.go; sourceTree = "<group>"; };
/* End PBXFileReference section */

/* Begin PBXGroup section */
		9F1969CB1D822B67001DFB81 = {
			isa = PBXGroup;
			children = (
				9F1969D21D822B80001DFB81 /* helloworld */,
			);
			sourceTree = "<group>";
		};
		9F1969D21D822B80001DFB81 /* helloworld */ = {
			isa = PBXGroup;
			children = (
				9F1969D31D822B80001DFB81 /* .gitignore */,
				9F1969D41D822B80001DFB81 /* app.yaml */,
				9F1969D51D822B80001DFB81 /* hello.go */,
			);
			path = helloworld;
			sourceTree = "<group>";
		};
/* End PBXGroup section */

/* Begin PBXProject section */
		9F1969CC1D822B67001DFB81 /* Project object */ = {
			isa = PBXProject;
			attributes = {
				LastUpgradeCheck = 0730;
			};
			buildConfigurationList = 9F1969CF1D822B67001DFB81 /* Build configuration list for PBXProject "MyFirstProject" */;
			compatibilityVersion = "Xcode 3.2";
			developmentRegion = English;
			hasScannedForEncodings = 0;
			knownRegions = (
				en,
			);
			mainGroup = 9F1969CB1D822B67001DFB81;
			projectDirPath = "";
			projectRoot = "";
			targets = (
			);
		};
/* End PBXProject section */

/* Begin XCBuildConfiguration section */
		9F1969D01D822B67001DFB81 /* Debug */ = {
			isa = XCBuildConfiguration;
			buildSettings = {
			};
			name = Debug;
		};
		9F1969D11D822B67001DFB81 /* Release */ = {
			isa = XCBuildConfiguration;
			buildSettings = {
			};
			name = Release;
		};
/* End XCBuildConfiguration section */

/* Begin XCConfigurationList section */
		9F1969CF1D822B67001DFB81 /* Build configuration list for PBXProject "MyFirstProject" */ = {
			isa = XCConfigurationList;
			buildConfigurations = (
				9F1969D01D822B67001DFB81 /* Debug */,
				9F1969D11D822B67001DFB81 /* Release */,
			);
			defaultConfigurationIsVisible = 0;
			defaultConfigurationName = Release;
		};
/* End XCConfigurationList section */
	};
	rootObject = 9F1969CC1D822B67001DFB81 /* Project object */;
}
